
Microsoft Visual Studio Solution File, Format Version 12.00
# Visual Studio Version 16
VisualStudioVersion = 16.0.36324.18
MinimumVisualStudioVersion = 10.0.40219.1
Project("{FAE04EC0-301F-11D3-BF4B-00C04F79EFBC}") = "Capa_vista", "Capa_vista\Capa_vista.csproj", "{FB0A83EF-5D73-453E-9BF0-1F07C796727E}"
EndProject
Project("{FAE04EC0-301F-11D3-BF4B-00C04F79EFBC}") = "Capa_Controlador", "Capa_Controlador\Capa_Controlador.csproj", "{B5BCBA19-A2BF-4D35-A26B-077F0BAD0E9A}"
EndProject
Project("{FAE04EC0-301F-11D3-BF4B-00C04F79EFBC}") = "Capa_Modelo", "Capa_Modelo\Capa_Modelo.csproj", "{1499F3E6-1435-4627-A950-295282EFEEAB}"
EndProject
Global
	GlobalSection(SolutionConfigurationPlatforms) = preSolution
		Debug|Any CPU = Debug|Any CPU
		Release|Any CPU = Release|Any CPU
	EndGlobalSection
	GlobalSection(ProjectConfigurationPlatforms) = postSolution
		{FB0A83EF-5D73-453E-9BF0-1F07C796727E}.Debug|Any CPU.ActiveCfg = Debug|Any CPU
		{FB0A83EF-5D73-453E-9BF0-1F07C796727E}.Debug|Any CPU.Build.0 = Debug|Any CPU
		{FB0A83EF-5D73-453E-9BF0-1F07C796727E}.Release|Any CPU.ActiveCfg = Release|Any CPU
		{FB0A83EF-5D73-453E-9BF0-1F07C796727E}.Release|Any CPU.Build.0 = Release|Any CPU
		{B5BCBA19-A2BF-4D35-A26B-077F0BAD0E9A}.Debug|Any CPU.ActiveCfg = Debug|Any CPU
		{B5BCBA19-A2BF-4D35-A26B-077F0BAD0E9A}.Debug|Any CPU.Build.0 = Debug|Any CPU
		{B5BCBA19-A2BF-4D35-A26B-077F0BAD0E9A}.Release|Any CPU.ActiveCfg = Release|Any CPU
		{B5BCBA19-A2BF-4D35-A26B-077F0BAD0E9A}.Release|Any CPU.Build.0 = Release|Any CPU
		{1499F3E6-1435-4627-A950-295282EFEEAB}.Debug|Any CPU.ActiveCfg = Debug|Any CPU
		{1499F3E6-1435-4627-A950-295282EFEEAB}.Debug|Any CPU.Build.0 = Debug|Any CPU
		{1499F3E6-1435-4627-A950-295282EFEEAB}.Release|Any CPU.ActiveCfg = Release|Any CPU
		{1499F3E6-1435-4627-A950-295282EFEEAB}.Release|Any CPU.Build.0 = Release|Any CPU
	EndGlobalSection
	GlobalSection(SolutionProperties) = preSolution
		HideSolutionNode = FALSE
	EndGlobalSection
	GlobalSection(ExtensibilityGlobals) = postSolution
		SolutionGuid = {E57954EC-BD49-4918-A405-DE25F406FB43}
	EndGlobalSection
EndGlobal
